
Microsoft Visual Studio Solution File, Format Version 12.00
# Visual Studio 15
VisualStudioVersion = 15.0.27130.2003
MinimumVisualStudioVersion = 10.0.40219.1
Project("{FAE04EC0-301F-11D3-BF4B-00C04F79EFBC}") = "ReflectionExtensions", "ReflectionExtensions\ReflectionExtensions.csproj", "{681F1A52-12ED-4D90-A644-3E658A6B2A9C}"
EndProject
Project("{FAE04EC0-301F-11D3-BF4B-00C04F79EFBC}") = "tReflectionExtensions", "tReflectionExtensions\tReflectionExtensions.csproj", "{0F9216DA-8138-49B8-A6EA-FD60C141500D}"
EndProject
Global
	GlobalSection(SolutionConfigurationPlatforms) = preSolution
		Debug|Any CPU = Debug|Any CPU
		Release|Any CPU = Release|Any CPU
	EndGlobalSection
	GlobalSection(ProjectConfigurationPlatforms) = postSolution
		{681F1A52-12ED-4D90-A644-3E658A6B2A9C}.Debug|Any CPU.ActiveCfg = Debug|Any CPU
		{681F1A52-12ED-4D90-A644-3E658A6B2A9C}.Debug|Any CPU.Build.0 = Debug|Any CPU
		{681F1A52-12ED-4D90-A644-3E658A6B2A9C}.Release|Any CPU.ActiveCfg = Release|Any CPU
		{681F1A52-12ED-4D90-A644-3E658A6B2A9C}.Release|Any CPU.Build.0 = Release|Any CPU
		{0F9216DA-8138-49B8-A6EA-FD60C141500D}.Debug|Any CPU.ActiveCfg = Debug|Any CPU
		{0F9216DA-8138-49B8-A6EA-FD60C141500D}.Debug|Any CPU.Build.0 = Debug|Any CPU
		{0F9216DA-8138-49B8-A6EA-FD60C141500D}.Release|Any CPU.ActiveCfg = Release|Any CPU
		{0F9216DA-8138-49B8-A6EA-FD60C141500D}.Release|Any CPU.Build.0 = Release|Any CPU
	EndGlobalSection
	GlobalSection(SolutionProperties) = preSolution
		HideSolutionNode = FALSE
	EndGlobalSection
	GlobalSection(ExtensibilityGlobals) = postSolution
		SolutionGuid = {BA918BEB-1571-4B58-AFFF-9962E0C94F93}
	EndGlobalSection
EndGlobal
